
Microsoft Visual Studio Solution File, Format Version 12.00
# Visual Studio Version 17
VisualStudioVersion = 17.8.34316.72
MinimumVisualStudioVersion = 10.0.40219.1
Project("{FAE04EC0-301F-11D3-BF4B-00C04F79EFBC}") = "NpTcpChatApp", "NpTcpChatApp\NpTcpChatApp.csproj", "{06F57A7F-97BA-4CBE-94DA-58CFF293238D}"
EndProject
Project("{FAE04EC0-301F-11D3-BF4B-00C04F79EFBC}") = "NpTcpChatListenerApp", "NpTcpChatListenerApp\NpTcpChatListenerApp.csproj", "{EBC664CB-D951-42FC-B9FC-D7DC24E195ED}"
EndProject
Global
	GlobalSection(SolutionConfigurationPlatforms) = preSolution
		Debug|Any CPU = Debug|Any CPU
		Release|Any CPU = Release|Any CPU
	EndGlobalSection
	GlobalSection(ProjectConfigurationPlatforms) = postSolution
		{06F57A7F-97BA-4CBE-94DA-58CFF293238D}.Debug|Any CPU.ActiveCfg = Debug|Any CPU
		{06F57A7F-97BA-4CBE-94DA-58CFF293238D}.Debug|Any CPU.Build.0 = Debug|Any CPU
		{06F57A7F-97BA-4CBE-94DA-58CFF293238D}.Release|Any CPU.ActiveCfg = Release|Any CPU
		{06F57A7F-97BA-4CBE-94DA-58CFF293238D}.Release|Any CPU.Build.0 = Release|Any CPU
		{EBC664CB-D951-42FC-B9FC-D7DC24E195ED}.Debug|Any CPU.ActiveCfg = Debug|Any CPU
		{EBC664CB-D951-42FC-B9FC-D7DC24E195ED}.Debug|Any CPU.Build.0 = Debug|Any CPU
		{EBC664CB-D951-42FC-B9FC-D7DC24E195ED}.Release|Any CPU.ActiveCfg = Release|Any CPU
		{EBC664CB-D951-42FC-B9FC-D7DC24E195ED}.Release|Any CPU.Build.0 = Release|Any CPU
	EndGlobalSection
	GlobalSection(SolutionProperties) = preSolution
		HideSolutionNode = FALSE
	EndGlobalSection
	GlobalSection(ExtensibilityGlobals) = postSolution
		SolutionGuid = {7A9E54F4-4ED1-49F5-9D6B-81B82B4491E6}
	EndGlobalSection
EndGlobal
